// !$*UTF8*$!
{
	archiveVersion = 1;
	classes = {
	};
	objectVersion = 55;
	objects = {

/* Begin PBXBuildFile section */
		323C836E292A2E2700C15D21 /* Poppins-MediumItalic.ttf in Resources */ = {isa = PBXBuildFile; fileRef = 323C835A292A2E2600C15D21 /* Poppins-MediumItalic.ttf */; };
		323C836F292A2E2700C15D21 /* Poppins-Black.ttf in Resources */ = {isa = PBXBuildFile; fileRef = 323C835B292A2E2600C15D21 /* Poppins-Black.ttf */; };
		323C8370292A2E2700C15D21 /* Poppins-ExtraLight.ttf in Resources */ = {isa = PBXBuildFile; fileRef = 323C835C292A2E2600C15D21 /* Poppins-ExtraLight.ttf */; };
		323C8371292A2E2700C15D21 /* Poppins-Light.ttf in Resources */ = {isa = PBXBuildFile; fileRef = 323C835D292A2E2600C15D21 /* Poppins-Light.ttf */; };
		323C8372292A2E2700C15D21 /* Poppins-Bold.ttf in Resources */ = {isa = PBXBuildFile; fileRef = 323C835E292A2E2600C15D21 /* Poppins-Bold.ttf */; };
		323C8373292A2E2700C15D21 /* Poppins-SemiBoldItalic.ttf in Resources */ = {isa = PBXBuildFile; fileRef = 323C835F292A2E2600C15D21 /* Poppins-SemiBoldItalic.ttf */; };
		323C8374292A2E2700C15D21 /* Poppins-ExtraLightItalic.ttf in Resources */ = {isa = PBXBuildFile; fileRef = 323C8360292A2E2600C15D21 /* Poppins-ExtraLightItalic.ttf */; };
		323C8375292A2E2700C15D21 /* Poppins-Regular.ttf in Resources */ = {isa = PBXBuildFile; fileRef = 323C8361292A2E2600C15D21 /* Poppins-Regular.ttf */; };
		323C8376292A2E2700C15D21 /* Poppins-BoldItalic.ttf in Resources */ = {isa = PBXBuildFile; fileRef = 323C8362292A2E2600C15D21 /* Poppins-BoldItalic.ttf */; };
		323C8378292A2E2700C15D21 /* Poppins-Medium.ttf in Resources */ = {isa = PBXBuildFile; fileRef = 323C8364292A2E2600C15D21 /* Poppins-Medium.ttf */; };
		323C8379292A2E2700C15D21 /* Poppins-Italic.ttf in Resources */ = {isa = PBXBuildFile; fileRef = 323C8365292A2E2600C15D21 /* Poppins-Italic.ttf */; };
		323C837B292A2E2700C15D21 /* Poppins-SemiBold.ttf in Resources */ = {isa = PBXBuildFile; fileRef = 323C8367292A2E2600C15D21 /* Poppins-SemiBold.ttf */; };
		323C837C292A2E2700C15D21 /* Poppins-ThinItalic.ttf in Resources */ = {isa = PBXBuildFile; fileRef = 323C8368292A2E2600C15D21 /* Poppins-ThinItalic.ttf */; };
		323C837D292A2E2700C15D21 /* Poppins-ExtraBold.ttf in Resources */ = {isa = PBXBuildFile; fileRef = 323C8369292A2E2600C15D21 /* Poppins-ExtraBold.ttf */; };
		323C837E292A2E2700C15D21 /* Poppins-BlackItalic.ttf in Resources */ = {isa = PBXBuildFile; fileRef = 323C836A292A2E2600C15D21 /* Poppins-BlackItalic.ttf */; };
		323C837F292A2E2700C15D21 /* Poppins-ExtraBoldItalic.ttf in Resources */ = {isa = PBXBuildFile; fileRef = 323C836B292A2E2700C15D21 /* Poppins-ExtraBoldItalic.ttf */; };
		323C8380292A2E2700C15D21 /* Poppins-LightItalic.ttf in Resources */ = {isa = PBXBuildFile; fileRef = 323C836C292A2E2700C15D21 /* Poppins-LightItalic.ttf */; };
		323C8381292A2E2700C15D21 /* Poppins-Thin.ttf in Resources */ = {isa = PBXBuildFile; fileRef = 323C836D292A2E2700C15D21 /* Poppins-Thin.ttf */; };
		323C8385292A38EA00C15D21 /* SignUpViewController.swift in Sources */ = {isa = PBXBuildFile; fileRef = 323C8384292A38EA00C15D21 /* SignUpViewController.swift */; };
		323C8388292A394100C15D21 /* LoginViewController.swift in Sources */ = {isa = PBXBuildFile; fileRef = 323C8387292A394100C15D21 /* LoginViewController.swift */; };
		D12DAF7F292E438700D555BF /* MenuViewController.swift in Sources */ = {isa = PBXBuildFile; fileRef = D12DAF7E292E438700D555BF /* MenuViewController.swift */; };
		D12DAF81292E43E600D555BF /* ContainerViewController.swift in Sources */ = {isa = PBXBuildFile; fileRef = D12DAF80292E43E600D555BF /* ContainerViewController.swift */; };
		D12DAF83292E459100D555BF /* ProfileViewController.swift in Sources */ = {isa = PBXBuildFile; fileRef = D12DAF82292E459100D555BF /* ProfileViewController.swift */; };
		D12DAF85292E4F8E00D555BF /* TapeViewController.swift in Sources */ = {isa = PBXBuildFile; fileRef = D12DAF84292E4F8E00D555BF /* TapeViewController.swift */; };
		D1B1A35C2911C9730034C053 /* AppDelegate.swift in Sources */ = {isa = PBXBuildFile; fileRef = D1B1A35B2911C9730034C053 /* AppDelegate.swift */; };
		D1B1A35E2911C9730034C053 /* SceneDelegate.swift in Sources */ = {isa = PBXBuildFile; fileRef = D1B1A35D2911C9730034C053 /* SceneDelegate.swift */; };
		D1B1A3602911C9730034C053 /* ViewController.swift in Sources */ = {isa = PBXBuildFile; fileRef = D1B1A35F2911C9730034C053 /* ViewController.swift */; };
		D1B1A3632911C9730034C053 /* Main.storyboard in Resources */ = {isa = PBXBuildFile; fileRef = D1B1A3612911C9730034C053 /* Main.storyboard */; };
		D1B1A3652911C9730034C053 /* Assets.xcassets in Resources */ = {isa = PBXBuildFile; fileRef = D1B1A3642911C9730034C053 /* Assets.xcassets */; };
		D1B1A3682911C9730034C053 /* LaunchScreen.storyboard in Resources */ = {isa = PBXBuildFile; fileRef = D1B1A3662911C9730034C053 /* LaunchScreen.storyboard */; };
		D1D79E75293A2B9B00BDE1E7 /* CartViewController.swift in Sources */ = {isa = PBXBuildFile; fileRef = D1D79E74293A2B9B00BDE1E7 /* CartViewController.swift */; };
		D1D79E77293A2C6600BDE1E7 /* .gitignore in Resources */ = {isa = PBXBuildFile; fileRef = D1D79E76293A2C6600BDE1E7 /* .gitignore */; };
		E45436A46EB8E32B6BD0BD98 /* Pods_ITMO_Donuts_iOS.framework in Frameworks */ = {isa = PBXBuildFile; fileRef = 050A5165D77BB2764180CAE9 /* Pods_ITMO_Donuts_iOS.framework */; };
/* End PBXBuildFile section */

/* Begin PBXFileReference section */
		050A5165D77BB2764180CAE9 /* Pods_ITMO_Donuts_iOS.framework */ = {isa = PBXFileReference; explicitFileType = wrapper.framework; includeInIndex = 0; path = Pods_ITMO_Donuts_iOS.framework; sourceTree = BUILT_PRODUCTS_DIR; };
		323C835A292A2E2600C15D21 /* Poppins-MediumItalic.ttf */ = {isa = PBXFileReference; lastKnownFileType = file; path = "Poppins-MediumItalic.ttf"; sourceTree = "<group>"; };
		323C835B292A2E2600C15D21 /* Poppins-Black.ttf */ = {isa = PBXFileReference; lastKnownFileType = file; path = "Poppins-Black.ttf"; sourceTree = "<group>"; };
		323C835C292A2E2600C15D21 /* Poppins-ExtraLight.ttf */ = {isa = PBXFileReference; lastKnownFileType = file; path = "Poppins-ExtraLight.ttf"; sourceTree = "<group>"; };
		323C835D292A2E2600C15D21 /* Poppins-Light.ttf */ = {isa = PBXFileReference; lastKnownFileType = file; path = "Poppins-Light.ttf"; sourceTree = "<group>"; };
		323C835E292A2E2600C15D21 /* Poppins-Bold.ttf */ = {isa = PBXFileReference; lastKnownFileType = file; path = "Poppins-Bold.ttf"; sourceTree = "<group>"; };
		323C835F292A2E2600C15D21 /* Poppins-SemiBoldItalic.ttf */ = {isa = PBXFileReference; lastKnownFileType = file; path = "Poppins-SemiBoldItalic.ttf"; sourceTree = "<group>"; };
		323C8360292A2E2600C15D21 /* Poppins-ExtraLightItalic.ttf */ = {isa = PBXFileReference; lastKnownFileType = file; path = "Poppins-ExtraLightItalic.ttf"; sourceTree = "<group>"; };
		323C8361292A2E2600C15D21 /* Poppins-Regular.ttf */ = {isa = PBXFileReference; lastKnownFileType = file; path = "Poppins-Regular.ttf"; sourceTree = "<group>"; };
		323C8362292A2E2600C15D21 /* Poppins-BoldItalic.ttf */ = {isa = PBXFileReference; lastKnownFileType = file; path = "Poppins-BoldItalic.ttf"; sourceTree = "<group>"; };
		323C8364292A2E2600C15D21 /* Poppins-Medium.ttf */ = {isa = PBXFileReference; lastKnownFileType = file; path = "Poppins-Medium.ttf"; sourceTree = "<group>"; };
		323C8365292A2E2600C15D21 /* Poppins-Italic.ttf */ = {isa = PBXFileReference; lastKnownFileType = file; path = "Poppins-Italic.ttf"; sourceTree = "<group>"; };
		323C8367292A2E2600C15D21 /* Poppins-SemiBold.ttf */ = {isa = PBXFileReference; lastKnownFileType = file; path = "Poppins-SemiBold.ttf"; sourceTree = "<group>"; };
		323C8368292A2E2600C15D21 /* Poppins-ThinItalic.ttf */ = {isa = PBXFileReference; lastKnownFileType = file; path = "Poppins-ThinItalic.ttf"; sourceTree = "<group>"; };
		323C8369292A2E2600C15D21 /* Poppins-ExtraBold.ttf */ = {isa = PBXFileReference; lastKnownFileType = file; path = "Poppins-ExtraBold.ttf"; sourceTree = "<group>"; };
		323C836A292A2E2600C15D21 /* Poppins-BlackItalic.ttf */ = {isa = PBXFileReference; lastKnownFileType = file; path = "Poppins-BlackItalic.ttf"; sourceTree = "<group>"; };
		323C836B292A2E2700C15D21 /* Poppins-ExtraBoldItalic.ttf */ = {isa = PBXFileReference; lastKnownFileType = file; path = "Poppins-ExtraBoldItalic.ttf"; sourceTree = "<group>"; };
		323C836C292A2E2700C15D21 /* Poppins-LightItalic.ttf */ = {isa = PBXFileReference; lastKnownFileType = file; path = "Poppins-LightItalic.ttf"; sourceTree = "<group>"; };
		323C836D292A2E2700C15D21 /* Poppins-Thin.ttf */ = {isa = PBXFileReference; lastKnownFileType = file; path = "Poppins-Thin.ttf"; sourceTree = "<group>"; };
		323C8384292A38EA00C15D21 /* SignUpViewController.swift */ = {isa = PBXFileReference; lastKnownFileType = sourcecode.swift; path = SignUpViewController.swift; sourceTree = "<group>"; };
		323C8387292A394100C15D21 /* LoginViewController.swift */ = {isa = PBXFileReference; lastKnownFileType = sourcecode.swift; path = LoginViewController.swift; sourceTree = "<group>"; };
		3FD5983396B8891FD09EDBE2 /* Pods-ITMO-Donuts-iOS.debug.xcconfig */ = {isa = PBXFileReference; includeInIndex = 1; lastKnownFileType = text.xcconfig; name = "Pods-ITMO-Donuts-iOS.debug.xcconfig"; path = "Target Support Files/Pods-ITMO-Donuts-iOS/Pods-ITMO-Donuts-iOS.debug.xcconfig"; sourceTree = "<group>"; };
		D12DAF7E292E438700D555BF /* MenuViewController.swift */ = {isa = PBXFileReference; lastKnownFileType = sourcecode.swift; path = MenuViewController.swift; sourceTree = "<group>"; };
		D12DAF80292E43E600D555BF /* ContainerViewController.swift */ = {isa = PBXFileReference; lastKnownFileType = sourcecode.swift; path = ContainerViewController.swift; sourceTree = "<group>"; };
		D12DAF82292E459100D555BF /* ProfileViewController.swift */ = {isa = PBXFileReference; lastKnownFileType = sourcecode.swift; path = ProfileViewController.swift; sourceTree = "<group>"; };
		D12DAF84292E4F8E00D555BF /* TapeViewController.swift */ = {isa = PBXFileReference; lastKnownFileType = sourcecode.swift; path = TapeViewController.swift; sourceTree = "<group>"; };
		D1B1A3582911C9730034C053 /* ITMO-Donuts-iOS.app */ = {isa = PBXFileReference; explicitFileType = wrapper.application; includeInIndex = 0; path = "ITMO-Donuts-iOS.app"; sourceTree = BUILT_PRODUCTS_DIR; };
		D1B1A35B2911C9730034C053 /* AppDelegate.swift */ = {isa = PBXFileReference; lastKnownFileType = sourcecode.swift; path = AppDelegate.swift; sourceTree = "<group>"; };
		D1B1A35D2911C9730034C053 /* SceneDelegate.swift */ = {isa = PBXFileReference; lastKnownFileType = sourcecode.swift; path = SceneDelegate.swift; sourceTree = "<group>"; };
		D1B1A35F2911C9730034C053 /* ViewController.swift */ = {isa = PBXFileReference; lastKnownFileType = sourcecode.swift; path = ViewController.swift; sourceTree = "<group>"; };
		D1B1A3622911C9730034C053 /* Base */ = {isa = PBXFileReference; lastKnownFileType = file.storyboard; name = Base; path = Base.lproj/Main.storyboard; sourceTree = "<group>"; };
		D1B1A3642911C9730034C053 /* Assets.xcassets */ = {isa = PBXFileReference; lastKnownFileType = folder.assetcatalog; path = Assets.xcassets; sourceTree = "<group>"; };
		D1B1A3672911C9730034C053 /* Base */ = {isa = PBXFileReference; lastKnownFileType = file.storyboard; name = Base; path = Base.lproj/LaunchScreen.storyboard; sourceTree = "<group>"; };
		D1B1A3692911C9730034C053 /* Info.plist */ = {isa = PBXFileReference; lastKnownFileType = text.plist.xml; path = Info.plist; sourceTree = "<group>"; };
		D1D79E74293A2B9B00BDE1E7 /* CartViewController.swift */ = {isa = PBXFileReference; lastKnownFileType = sourcecode.swift; path = CartViewController.swift; sourceTree = "<group>"; };
		D1D79E76293A2C6600BDE1E7 /* .gitignore */ = {isa = PBXFileReference; lastKnownFileType = text; path = .gitignore; sourceTree = "<group>"; };
		F7D9283D80194754FE3066E7 /* Pods-ITMO-Donuts-iOS.release.xcconfig */ = {isa = PBXFileReference; includeInIndex = 1; lastKnownFileType = text.xcconfig; name = "Pods-ITMO-Donuts-iOS.release.xcconfig"; path = "Target Support Files/Pods-ITMO-Donuts-iOS/Pods-ITMO-Donuts-iOS.release.xcconfig"; sourceTree = "<group>"; };
/* End PBXFileReference section */

/* Begin PBXFrameworksBuildPhase section */
		D1B1A3552911C9730034C053 /* Frameworks */ = {
			isa = PBXFrameworksBuildPhase;
			buildActionMask = 2147483647;
			files = (
				E45436A46EB8E32B6BD0BD98 /* Pods_ITMO_Donuts_iOS.framework in Frameworks */,
			);
			runOnlyForDeploymentPostprocessing = 0;
		};
/* End PBXFrameworksBuildPhase section */

/* Begin PBXGroup section */
		323C8359292A2DE600C15D21 /* Fonts */ = {
			isa = PBXGroup;
			children = (
				323C835B292A2E2600C15D21 /* Poppins-Black.ttf */,
				323C836A292A2E2600C15D21 /* Poppins-BlackItalic.ttf */,
				323C835E292A2E2600C15D21 /* Poppins-Bold.ttf */,
				323C8362292A2E2600C15D21 /* Poppins-BoldItalic.ttf */,
				323C8369292A2E2600C15D21 /* Poppins-ExtraBold.ttf */,
				323C836B292A2E2700C15D21 /* Poppins-ExtraBoldItalic.ttf */,
				323C835C292A2E2600C15D21 /* Poppins-ExtraLight.ttf */,
				323C8360292A2E2600C15D21 /* Poppins-ExtraLightItalic.ttf */,
				323C8365292A2E2600C15D21 /* Poppins-Italic.ttf */,
				323C835D292A2E2600C15D21 /* Poppins-Light.ttf */,
				323C836C292A2E2700C15D21 /* Poppins-LightItalic.ttf */,
				323C8364292A2E2600C15D21 /* Poppins-Medium.ttf */,
				323C835A292A2E2600C15D21 /* Poppins-MediumItalic.ttf */,
				323C8361292A2E2600C15D21 /* Poppins-Regular.ttf */,
				323C8367292A2E2600C15D21 /* Poppins-SemiBold.ttf */,
				323C835F292A2E2600C15D21 /* Poppins-SemiBoldItalic.ttf */,
				323C836D292A2E2700C15D21 /* Poppins-Thin.ttf */,
				323C8368292A2E2600C15D21 /* Poppins-ThinItalic.ttf */,
			);
			path = Fonts;
			sourceTree = "<group>";
		};
		323C8386292A38FA00C15D21 /* View Controllers */ = {
			isa = PBXGroup;
			children = (
				323C8384292A38EA00C15D21 /* SignUpViewController.swift */,
				323C8387292A394100C15D21 /* LoginViewController.swift */,
				D12DAF7E292E438700D555BF /* MenuViewController.swift */,
				D12DAF80292E43E600D555BF /* ContainerViewController.swift */,
				D12DAF82292E459100D555BF /* ProfileViewController.swift */,
				D12DAF84292E4F8E00D555BF /* TapeViewController.swift */,
				D1D79E74293A2B9B00BDE1E7 /* CartViewController.swift */,
			);
			path = "View Controllers";
			sourceTree = "<group>";
		};
		78363EFE4F5EC0A28D0EF71D /* Pods */ = {
			isa = PBXGroup;
			children = (
				3FD5983396B8891FD09EDBE2 /* Pods-ITMO-Donuts-iOS.debug.xcconfig */,
				F7D9283D80194754FE3066E7 /* Pods-ITMO-Donuts-iOS.release.xcconfig */,
			);
			path = Pods;
			sourceTree = "<group>";
		};
		913C1784873771E6DF81C515 /* Frameworks */ = {
			isa = PBXGroup;
			children = (
				050A5165D77BB2764180CAE9 /* Pods_ITMO_Donuts_iOS.framework */,
			);
			name = Frameworks;
			sourceTree = "<group>";
		};
		D1B1A34F2911C9720034C053 = {
			isa = PBXGroup;
			children = (
				D1D79E76293A2C6600BDE1E7 /* .gitignore */,
				323C8359292A2DE600C15D21 /* Fonts */,
				D1B1A35A2911C9730034C053 /* ITMO-Donuts-iOS */,
				D1B1A3592911C9730034C053 /* Products */,
				78363EFE4F5EC0A28D0EF71D /* Pods */,
				913C1784873771E6DF81C515 /* Frameworks */,
			);
			sourceTree = "<group>";
		};
		D1B1A3592911C9730034C053 /* Products */ = {
			isa = PBXGroup;
			children = (
				D1B1A3582911C9730034C053 /* ITMO-Donuts-iOS.app */,
			);
			name = Products;
			sourceTree = "<group>";
		};
		D1B1A35A2911C9730034C053 /* ITMO-Donuts-iOS */ = {
			isa = PBXGroup;
			children = (
				323C8386292A38FA00C15D21 /* View Controllers */,
				D1B1A35B2911C9730034C053 /* AppDelegate.swift */,
				D1B1A35D2911C9730034C053 /* SceneDelegate.swift */,
				D1B1A35F2911C9730034C053 /* ViewController.swift */,
				D1B1A3612911C9730034C053 /* Main.storyboard */,
				D1B1A3642911C9730034C053 /* Assets.xcassets */,
				D1B1A3662911C9730034C053 /* LaunchScreen.storyboard */,
				D1B1A3692911C9730034C053 /* Info.plist */,
			);
			path = "ITMO-Donuts-iOS";
			sourceTree = "<group>";
		};
/* End PBXGroup section */

/* Begin PBXNativeTarget section */
		D1B1A3572911C9730034C053 /* ITMO-Donuts-iOS */ = {
			isa = PBXNativeTarget;
			buildConfigurationList = D1B1A36C2911C9730034C053 /* Build configuration list for PBXNativeTarget "ITMO-Donuts-iOS" */;
			buildPhases = (
				61E76815823177CF6B16F6AB /* [CP] Check Pods Manifest.lock */,
				D1B1A3542911C9730034C053 /* Sources */,
				D1B1A3552911C9730034C053 /* Frameworks */,
				D1B1A3562911C9730034C053 /* Resources */,
				A903286FDF0A8D0F23DCD84C /* [CP] Embed Pods Frameworks */,
			);
			buildRules = (
			);
			dependencies = (
			);
			name = "ITMO-Donuts-iOS";
			productName = "ITMO-Donuts-iOS";
			productReference = D1B1A3582911C9730034C053 /* ITMO-Donuts-iOS.app */;
			productType = "com.apple.product-type.application";
		};
/* End PBXNativeTarget section */

/* Begin PBXProject section */
		D1B1A3502911C9720034C053 /* Project object */ = {
			isa = PBXProject;
			attributes = {
				BuildIndependentTargetsInParallel = 1;
				LastSwiftUpdateCheck = 1400;
				LastUpgradeCheck = 1400;
				TargetAttributes = {
					D1B1A3572911C9730034C053 = {
						CreatedOnToolsVersion = 14.0.1;
					};
				};
			};
			buildConfigurationList = D1B1A3532911C9720034C053 /* Build configuration list for PBXProject "ITMO-Donuts-iOS" */;
			compatibilityVersion = "Xcode 13.0";
			developmentRegion = en;
			hasScannedForEncodings = 0;
			knownRegions = (
				en,
				Base,
			);
			mainGroup = D1B1A34F2911C9720034C053;
			productRefGroup = D1B1A3592911C9730034C053 /* Products */;
			projectDirPath = "";
			projectRoot = "";
			targets = (
				D1B1A3572911C9730034C053 /* ITMO-Donuts-iOS */,
			);
		};
/* End PBXProject section */

/* Begin PBXResourcesBuildPhase section */
		D1B1A3562911C9730034C053 /* Resources */ = {
			isa = PBXResourcesBuildPhase;
			buildActionMask = 2147483647;
			files = (
				323C8371292A2E2700C15D21 /* Poppins-Light.ttf in Resources */,
				323C8378292A2E2700C15D21 /* Poppins-Medium.ttf in Resources */,
				323C8370292A2E2700C15D21 /* Poppins-ExtraLight.ttf in Resources */,
				323C837F292A2E2700C15D21 /* Poppins-ExtraBoldItalic.ttf in Resources */,
				D1D79E77293A2C6600BDE1E7 /* .gitignore in Resources */,
				323C8379292A2E2700C15D21 /* Poppins-Italic.ttf in Resources */,
				323C8374292A2E2700C15D21 /* Poppins-ExtraLightItalic.ttf in Resources */,
				323C8376292A2E2700C15D21 /* Poppins-BoldItalic.ttf in Resources */,
				D1B1A3682911C9730034C053 /* LaunchScreen.storyboard in Resources */,
				323C8372292A2E2700C15D21 /* Poppins-Bold.ttf in Resources */,
				323C836E292A2E2700C15D21 /* Poppins-MediumItalic.ttf in Resources */,
				323C8373292A2E2700C15D21 /* Poppins-SemiBoldItalic.ttf in Resources */,
				323C837D292A2E2700C15D21 /* Poppins-ExtraBold.ttf in Resources */,
				323C837E292A2E2700C15D21 /* Poppins-BlackItalic.ttf in Resources */,
				D1B1A3652911C9730034C053 /* Assets.xcassets in Resources */,
				323C8375292A2E2700C15D21 /* Poppins-Regular.ttf in Resources */,
				D1B1A3632911C9730034C053 /* Main.storyboard in Resources */,
				323C836F292A2E2700C15D21 /* Poppins-Black.ttf in Resources */,
				323C837C292A2E2700C15D21 /* Poppins-ThinItalic.ttf in Resources */,
				323C8381292A2E2700C15D21 /* Poppins-Thin.ttf in Resources */,
				323C837B292A2E2700C15D21 /* Poppins-SemiBold.ttf in Resources */,
				323C8380292A2E2700C15D21 /* Poppins-LightItalic.ttf in Resources */,
			);
			runOnlyForDeploymentPostprocessing = 0;
		};
/* End PBXResourcesBuildPhase section */

/* Begin PBXShellScriptBuildPhase section */
		61E76815823177CF6B16F6AB /* [CP] Check Pods Manifest.lock */ = {
			isa = PBXShellScriptBuildPhase;
			buildActionMask = 2147483647;
			files = (
			);
			inputFileListPaths = (
			);
			inputPaths = (
				"${PODS_PODFILE_DIR_PATH}/Podfile.lock",
				"${PODS_ROOT}/Manifest.lock",
			);
			name = "[CP] Check Pods Manifest.lock";
			outputFileListPaths = (
			);
			outputPaths = (
				"$(DERIVED_FILE_DIR)/Pods-ITMO-Donuts-iOS-checkManifestLockResult.txt",
			);
			runOnlyForDeploymentPostprocessing = 0;
			shellPath = /bin/sh;
			shellScript = "diff \"${PODS_PODFILE_DIR_PATH}/Podfile.lock\" \"${PODS_ROOT}/Manifest.lock\" > /dev/null\nif [ $? != 0 ] ; then\n    # print error to STDERR\n    echo \"error: The sandbox is not in sync with the Podfile.lock. Run 'pod install' or update your CocoaPods installation.\" >&2\n    exit 1\nfi\n# This output is used by Xcode 'outputs' to avoid re-running this script phase.\necho \"SUCCESS\" > \"${SCRIPT_OUTPUT_FILE_0}\"\n";
			showEnvVarsInLog = 0;
		};
		A903286FDF0A8D0F23DCD84C /* [CP] Embed Pods Frameworks */ = {
			isa = PBXShellScriptBuildPhase;
			buildActionMask = 2147483647;
			files = (
			);
			inputFileListPaths = (
				"${PODS_ROOT}/Target Support Files/Pods-ITMO-Donuts-iOS/Pods-ITMO-Donuts-iOS-frameworks-${CONFIGURATION}-input-files.xcfilelist",
			);
			name = "[CP] Embed Pods Frameworks";
			outputFileListPaths = (
				"${PODS_ROOT}/Target Support Files/Pods-ITMO-Donuts-iOS/Pods-ITMO-Donuts-iOS-frameworks-${CONFIGURATION}-output-files.xcfilelist",
			);
			runOnlyForDeploymentPostprocessing = 0;
			shellPath = /bin/sh;
			shellScript = "\"${PODS_ROOT}/Target Support Files/Pods-ITMO-Donuts-iOS/Pods-ITMO-Donuts-iOS-frameworks.sh\"\n";
			showEnvVarsInLog = 0;
		};
/* End PBXShellScriptBuildPhase section */

/* Begin PBXSourcesBuildPhase section */
		D1B1A3542911C9730034C053 /* Sources */ = {
			isa = PBXSourcesBuildPhase;
			buildActionMask = 2147483647;
			files = (
				D1B1A3602911C9730034C053 /* ViewController.swift in Sources */,
				D12DAF7F292E438700D555BF /* MenuViewController.swift in Sources */,
				D1D79E75293A2B9B00BDE1E7 /* CartViewController.swift in Sources */,
				D12DAF85292E4F8E00D555BF /* TapeViewController.swift in Sources */,
				D12DAF81292E43E600D555BF /* ContainerViewController.swift in Sources */,
				D1B1A35C2911C9730034C053 /* AppDelegate.swift in Sources */,
				D1B1A35E2911C9730034C053 /* SceneDelegate.swift in Sources */,
				323C8388292A394100C15D21 /* LoginViewController.swift in Sources */,
				D12DAF83292E459100D555BF /* ProfileViewController.swift in Sources */,
				323C8385292A38EA00C15D21 /* SignUpViewController.swift in Sources */,
			);
			runOnlyForDeploymentPostprocessing = 0;
		};
/* End PBXSourcesBuildPhase section */

/* Begin PBXVariantGroup section */
		D1B1A3612911C9730034C053 /* Main.storyboard */ = {
			isa = PBXVariantGroup;
			children = (
				D1B1A3622911C9730034C053 /* Base */,
			);
			name = Main.storyboard;
			sourceTree = "<group>";
		};
		D1B1A3662911C9730034C053 /* LaunchScreen.storyboard */ = {
			isa = PBXVariantGroup;
			children = (
				D1B1A3672911C9730034C053 /* Base */,
			);
			name = LaunchScreen.storyboard;
			sourceTree = "<group>";
		};
/* End PBXVariantGroup section */

/* Begin XCBuildConfiguration section */
		D1B1A36A2911C9730034C053 /* Debug */ = {
			isa = XCBuildConfiguration;
			buildSettings = {
				ALWAYS_SEARCH_USER_PATHS = NO;
				CLANG_ANALYZER_NONNULL = YES;
				CLANG_ANALYZER_NUMBER_OBJECT_CONVERSION = YES_AGGRESSIVE;
				CLANG_CXX_LANGUAGE_STANDARD = "gnu++20";
				CLANG_ENABLE_MODULES = YES;
				CLANG_ENABLE_OBJC_ARC = YES;
				CLANG_ENABLE_OBJC_WEAK = YES;
				CLANG_WARN_BLOCK_CAPTURE_AUTORELEASING = YES;
				CLANG_WARN_BOOL_CONVERSION = YES;
				CLANG_WARN_COMMA = YES;
				CLANG_WARN_CONSTANT_CONVERSION = YES;
				CLANG_WARN_DEPRECATED_OBJC_IMPLEMENTATIONS = YES;
				CLANG_WARN_DIRECT_OBJC_ISA_USAGE = YES_ERROR;
				CLANG_WARN_DOCUMENTATION_COMMENTS = YES;
				CLANG_WARN_EMPTY_BODY = YES;
				CLANG_WARN_ENUM_CONVERSION = YES;
				CLANG_WARN_INFINITE_RECURSION = YES;
				CLANG_WARN_INT_CONVERSION = YES;
				CLANG_WARN_NON_LITERAL_NULL_CONVERSION = YES;
				CLANG_WARN_OBJC_IMPLICIT_RETAIN_SELF = YES;
				CLANG_WARN_OBJC_LITERAL_CONVERSION = YES;
				CLANG_WARN_OBJC_ROOT_CLASS = YES_ERROR;
				CLANG_WARN_QUOTED_INCLUDE_IN_FRAMEWORK_HEADER = YES;
				CLANG_WARN_RANGE_LOOP_ANALYSIS = YES;
				CLANG_WARN_STRICT_PROTOTYPES = YES;
				CLANG_WARN_SUSPICIOUS_MOVE = YES;
				CLANG_WARN_UNGUARDED_AVAILABILITY = YES_AGGRESSIVE;
				CLANG_WARN_UNREACHABLE_CODE = YES;
				CLANG_WARN__DUPLICATE_METHOD_MATCH = YES;
				COPY_PHASE_STRIP = NO;
				DEBUG_INFORMATION_FORMAT = dwarf;
				ENABLE_STRICT_OBJC_MSGSEND = YES;
				ENABLE_TESTABILITY = YES;
				GCC_C_LANGUAGE_STANDARD = gnu11;
				GCC_DYNAMIC_NO_PIC = NO;
				GCC_NO_COMMON_BLOCKS = YES;
				GCC_OPTIMIZATION_LEVEL = 0;
				GCC_PREPROCESSOR_DEFINITIONS = (
					"DEBUG=1",
					"$(inherited)",
				);
				GCC_WARN_64_TO_32_BIT_CONVERSION = YES;
				GCC_WARN_ABOUT_RETURN_TYPE = YES_ERROR;
				GCC_WARN_UNDECLARED_SELECTOR = YES;
				GCC_WARN_UNINITIALIZED_AUTOS = YES_AGGRESSIVE;
				GCC_WARN_UNUSED_FUNCTION = YES;
				GCC_WARN_UNUSED_VARIABLE = YES;
				IPHONEOS_DEPLOYMENT_TARGET = 16.0;
				MTL_ENABLE_DEBUG_INFO = INCLUDE_SOURCE;
				MTL_FAST_MATH = YES;
				ONLY_ACTIVE_ARCH = YES;
				SDKROOT = iphoneos;
				SWIFT_ACTIVE_COMPILATION_CONDITIONS = DEBUG;
				SWIFT_OPTIMIZATION_LEVEL = "-Onone";
			};
			name = Debug;
		};
		D1B1A36B2911C9730034C053 /* Release */ = {
			isa = XCBuildConfiguration;
			buildSettings = {
				ALWAYS_SEARCH_USER_PATHS = NO;
				CLANG_ANALYZER_NONNULL = YES;
				CLANG_ANALYZER_NUMBER_OBJECT_CONVERSION = YES_AGGRESSIVE;
				CLANG_CXX_LANGUAGE_STANDARD = "gnu++20";
				CLANG_ENABLE_MODULES = YES;
				CLANG_ENABLE_OBJC_ARC = YES;
				CLANG_ENABLE_OBJC_WEAK = YES;
				CLANG_WARN_BLOCK_CAPTURE_AUTORELEASING = YES;
				CLANG_WARN_BOOL_CONVERSION = YES;
				CLANG_WARN_COMMA = YES;
				CLANG_WARN_CONSTANT_CONVERSION = YES;
				CLANG_WARN_DEPRECATED_OBJC_IMPLEMENTATIONS = YES;
				CLANG_WARN_DIRECT_OBJC_ISA_USAGE = YES_ERROR;
				CLANG_WARN_DOCUMENTATION_COMMENTS = YES;
				CLANG_WARN_EMPTY_BODY = YES;
				CLANG_WARN_ENUM_CONVERSION = YES;
				CLANG_WARN_INFINITE_RECURSION = YES;
				CLANG_WARN_INT_CONVERSION = YES;
				CLANG_WARN_NON_LITERAL_NULL_CONVERSION = YES;
				CLANG_WARN_OBJC_IMPLICIT_RETAIN_SELF = YES;
				CLANG_WARN_OBJC_LITERAL_CONVERSION = YES;
				CLANG_WARN_OBJC_ROOT_CLASS = YES_ERROR;
				CLANG_WARN_QUOTED_INCLUDE_IN_FRAMEWORK_HEADER = YES;
				CLANG_WARN_RANGE_LOOP_ANALYSIS = YES;
				CLANG_WARN_STRICT_PROTOTYPES = YES;
				CLANG_WARN_SUSPICIOUS_MOVE = YES;
				CLANG_WARN_UNGUARDED_AVAILABILITY = YES_AGGRESSIVE;
				CLANG_WARN_UNREACHABLE_CODE = YES;
				CLANG_WARN__DUPLICATE_METHOD_MATCH = YES;
				COPY_PHASE_STRIP = NO;
				DEBUG_INFORMATION_FORMAT = "dwarf-with-dsym";
				ENABLE_NS_ASSERTIONS = NO;
				ENABLE_STRICT_OBJC_MSGSEND = YES;
				GCC_C_LANGUAGE_STANDARD = gnu11;
				GCC_NO_COMMON_BLOCKS = YES;
				GCC_WARN_64_TO_32_BIT_CONVERSION = YES;
				GCC_WARN_ABOUT_RETURN_TYPE = YES_ERROR;
				GCC_WARN_UNDECLARED_SELECTOR = YES;
				GCC_WARN_UNINITIALIZED_AUTOS = YES_AGGRESSIVE;
				GCC_WARN_UNUSED_FUNCTION = YES;
				GCC_WARN_UNUSED_VARIABLE = YES;
				IPHONEOS_DEPLOYMENT_TARGET = 16.0;
				MTL_ENABLE_DEBUG_INFO = NO;
				MTL_FAST_MATH = YES;
				SDKROOT = iphoneos;
				SWIFT_COMPILATION_MODE = wholemodule;
				SWIFT_OPTIMIZATION_LEVEL = "-O";
				VALIDATE_PRODUCT = YES;
			};
			name = Release;
		};
		D1B1A36D2911C9730034C053 /* Debug */ = {
			isa = XCBuildConfiguration;
			baseConfigurationReference = 3FD5983396B8891FD09EDBE2 /* Pods-ITMO-Donuts-iOS.debug.xcconfig */;
			buildSettings = {
				ASSETCATALOG_COMPILER_APPICON_NAME = AppIcon;
				ASSETCATALOG_COMPILER_GLOBAL_ACCENT_COLOR_NAME = AccentColor;
				CODE_SIGN_STYLE = Automatic;
				CURRENT_PROJECT_VERSION = 1;
				DEVELOPMENT_TEAM = H8QB92DDPS;
				GENERATE_INFOPLIST_FILE = YES;
				INFOPLIST_FILE = "ITMO-Donuts-iOS/Info.plist";
				INFOPLIST_KEY_UIApplicationSupportsIndirectInputEvents = YES;
				INFOPLIST_KEY_UILaunchStoryboardName = LaunchScreen;
				INFOPLIST_KEY_UIMainStoryboardFile = Main;
				INFOPLIST_KEY_UISupportedInterfaceOrientations_iPad = "UIInterfaceOrientationPortrait UIInterfaceOrientationPortraitUpsideDown UIInterfaceOrientationLandscapeLeft UIInterfaceOrientationLandscapeRight";
				INFOPLIST_KEY_UISupportedInterfaceOrientations_iPhone = "UIInterfaceOrientationPortrait UIInterfaceOrientationLandscapeLeft UIInterfaceOrientationLandscapeRight";
				LD_RUNPATH_SEARCH_PATHS = (
					"$(inherited)",
					"@executable_path/Frameworks",
				);
				MARKETING_VERSION = 1.0;
				PRODUCT_BUNDLE_IDENTIFIER = "com.gurinboru.ITMO-Donuts-iOS";
				PRODUCT_NAME = "$(TARGET_NAME)";
				SWIFT_EMIT_LOC_STRINGS = YES;
				SWIFT_VERSION = 5.0;
				TARGETED_DEVICE_FAMILY = "1,2";
			};
			name = Debug;
		};
		D1B1A36E2911C9730034C053 /* Release */ = {
			isa = XCBuildConfiguration;
			baseConfigurationReference = F7D9283D80194754FE3066E7 /* Pods-ITMO-Donuts-iOS.release.xcconfig */;
			buildSettings = {
				ASSETCATALOG_COMPILER_APPICON_NAME = AppIcon;
				ASSETCATALOG_COMPILER_GLOBAL_ACCENT_COLOR_NAME = AccentColor;
				CODE_SIGN_STYLE = Automatic;
				CURRENT_PROJECT_VERSION = 1;
				DEVELOPMENT_TEAM = H8QB92DDPS;
				GENERATE_INFOPLIST_FILE = YES;
				INFOPLIST_FILE = "ITMO-Donuts-iOS/Info.plist";
				INFOPLIST_KEY_UIApplicationSupportsIndirectInputEvents = YES;
				INFOPLIST_KEY_UILaunchStoryboardName = LaunchScreen;
				INFOPLIST_KEY_UIMainStoryboardFile = Main;
				INFOPLIST_KEY_UISupportedInterfaceOrientations_iPad = "UIInterfaceOrientationPortrait UIInterfaceOrientationPortraitUpsideDown UIInterfaceOrientationLandscapeLeft UIInterfaceOrientationLandscapeRight";
				INFOPLIST_KEY_UISupportedInterfaceOrientations_iPhone = "UIInterfaceOrientationPortrait UIInterfaceOrientationLandscapeLeft UIInterfaceOrientationLandscapeRight";
				LD_RUNPATH_SEARCH_PATHS = (
					"$(inherited)",
					"@executable_path/Frameworks",
				);
				MARKETING_VERSION = 1.0;
				PRODUCT_BUNDLE_IDENTIFIER = "com.gurinboru.ITMO-Donuts-iOS";
				PRODUCT_NAME = "$(TARGET_NAME)";
				SWIFT_EMIT_LOC_STRINGS = YES;
				SWIFT_VERSION = 5.0;
				TARGETED_DEVICE_FAMILY = "1,2";
			};
			name = Release;
		};
/* End XCBuildConfiguration section */

/* Begin XCConfigurationList section */
		D1B1A3532911C9720034C053 /* Build configuration list for PBXProject "ITMO-Donuts-iOS" */ = {
			isa = XCConfigurationList;
			buildConfigurations = (
				D1B1A36A2911C9730034C053 /* Debug */,
				D1B1A36B2911C9730034C053 /* Release */,
			);
			defaultConfigurationIsVisible = 0;
			defaultConfigurationName = Release;
		};
		D1B1A36C2911C9730034C053 /* Build configuration list for PBXNativeTarget "ITMO-Donuts-iOS" */ = {
			isa = XCConfigurationList;
			buildConfigurations = (
				D1B1A36D2911C9730034C053 /* Debug */,
				D1B1A36E2911C9730034C053 /* Release */,
			);
			defaultConfigurationIsVisible = 0;
			defaultConfigurationName = Release;
		};
/* End XCConfigurationList section */
	};
	rootObject = D1B1A3502911C9720034C053 /* Project object */;
}
